<?xml version="1.0" encoding="utf-8"?>
<Project ToolsVersion="4.0" xmlns="http://schemas.microsoft.com/developer/msbuild/2003">
  <ItemGroup>
    <ClCompile Include="Camera.cpp" />
    <ClCompile Include="EBO.cpp" />
    <ClCompile Include="glad.c" />
    <ClCompile Include="imgui\imgui.cpp" />
    <ClCompile Include="imgui\imgui_demo.cpp" />
    <ClCompile Include="imgui\imgui_draw.cpp" />
    <ClCompile Include="imgui\imgui_impl_glfw.cpp" />
    <ClCompile Include="imgui\imgui_impl_opengl3.cpp" />
    <ClCompile Include="imgui\imgui_tables.cpp" />
    <ClCompile Include="imgui\imgui_widgets.cpp" />
    <ClCompile Include="InputSystem.cpp" />
    <ClCompile Include="Main.cpp" />
    <ClCompile Include="MyMain.cpp" />
    <ClCompile Include="Object.cpp" />
    <ClCompile Include="OV.cpp" />
    <ClCompile Include="SaveSystem.cpp" />
    <ClCompile Include="Script.cpp" />
    <ClCompile Include="ScriptTwo.cpp" />
    <ClCompile Include="Source.cpp" />
    <ClCompile Include="stb.cpp" />
    <ClCompile Include="Tex.cpp" />
    <ClCompile Include="VAO.cpp" />
    <ClCompile Include="VBO.cpp" />
    <ClCompile Include="Window.cpp" />
  </ItemGroup>
  <ItemGroup>
    <ClInclude Include="BaseCollider.h" />
    <ClInclude Include="Camera.h" />
    <ClInclude Include="CircleCollider.h" />
    <ClInclude Include="Collider.h" />
    <ClInclude Include="Component.h" />
    <ClInclude Include="Console.h" />
    <ClInclude Include="EBO.h" />
    <ClInclude Include="EPA.h" />
    <ClInclude Include="FileFunctions.h" />
    <ClInclude Include="GameObject.h" />
    <ClInclude Include="GJK.h" />
    <ClInclude Include="IMGUITheme.h" />
    <ClInclude Include="imgui\imconfig.h" />
    <ClInclude Include="imgui\imgui.h" />
    <ClInclude Include="imgui\imgui_impl_glfw.h" />
    <ClInclude Include="imgui\imgui_impl_opengl3.h" />
    <ClInclude Include="imgui\imgui_internal.h" />
    <ClInclude Include="imgui\imstb_rectpack.h" />
    <ClInclude Include="imgui\imstb_textedit.h" />
    <ClInclude Include="imgui\imstb_truetype.h" />
    <ClInclude Include="InputSystem.h" />
    <ClInclude Include="OverDepth.h" />
    <ClInclude Include="Manifold.h" />
    <ClInclude Include="Math.h" />
    <ClInclude Include="MenuItems.h" />
    <ClInclude Include="Object.h" />
    <ClInclude Include="OV.h" />
    <ClInclude Include="OVscriptHandaling.h" />
    <ClInclude Include="PhysHelper.h" />
    <ClInclude Include="Polytope.h" />
    <ClInclude Include="Shader.h" />
    <ClInclude Include="Simplex.h" />
    <ClInclude Include="Window.h" />
    <ClInclude Include="Presave.h" />
    <ClInclude Include="SaveSystem.h" />
    <ClInclude Include="SceneLoader.h" />
    <ClInclude Include="Script.h" />
    <ClInclude Include="ScriptTwo.h" />
    <ClInclude Include="Settings.h" />
    <ClInclude Include="Tex.h" />
    <ClInclude Include="TextureRenderer.h" />
    <ClInclude Include="Transform.h" />
    <ClInclude Include="VAO.h" />
    <ClInclude Include="VBO.h" />
    <ClInclude Include="FrameBuffer.h" />
    <ClInclude Include="MouseDetection.h" />
  </ItemGroup>
</Project>